
Microsoft Visual Studio Solution File, Format Version 12.00
# Visual Studio 15
VisualStudioVersion = 15.0.26430.15
MinimumVisualStudioVersion = 10.0.40219.1
Project("{2150E333-8FDC-42A3-9474-1A3956D46DE8}") = ".paket", ".paket", "{474995AF-0DB7-4656-828F-ED24125CDFE2}"
	ProjectSection(SolutionItems) = preProject
		paket.dependencies = paket.dependencies
	EndProjectSection
EndProject
Project("{F2A71F9B-5D33-465A-A702-920D77279786}") = "Cellz", "Cellz.fsproj", "{36C59FC2-B9AF-444E-8232-914E972C9470}"
EndProject
Project("{F2A71F9B-5D33-465A-A702-920D77279786}") = "Cellz.WPF", "Cellz.WPF.fsproj", "{D2270604-86AF-4230-9DBE-623CFB5B0A6C}"
EndProject
Project("{F2A71F9B-5D33-465A-A702-920D77279786}") = "Tests", "Tests\Tests.fsproj", "{7A15DC51-F71B-4C52-9961-403B41F0BA56}"
EndProject
Global
	GlobalSection(SolutionConfigurationPlatforms) = preSolution
		Debug|Any CPU = Debug|Any CPU
		Debug|Mixed Platforms = Debug|Mixed Platforms
		Debug|x86 = Debug|x86
		Release|Any CPU = Release|Any CPU
		Release|Mixed Platforms = Release|Mixed Platforms
		Release|x86 = Release|x86
	EndGlobalSection
	GlobalSection(ProjectConfigurationPlatforms) = postSolution
		{36C59FC2-B9AF-444E-8232-914E972C9470}.Debug|Any CPU.ActiveCfg = Debug|Any CPU
		{36C59FC2-B9AF-444E-8232-914E972C9470}.Debug|Any CPU.Build.0 = Debug|Any CPU
		{36C59FC2-B9AF-444E-8232-914E972C9470}.Debug|Mixed Platforms.ActiveCfg = Debug|Any CPU
		{36C59FC2-B9AF-444E-8232-914E972C9470}.Debug|Mixed Platforms.Build.0 = Debug|Any CPU
		{36C59FC2-B9AF-444E-8232-914E972C9470}.Debug|x86.ActiveCfg = Debug|Any CPU
		{36C59FC2-B9AF-444E-8232-914E972C9470}.Release|Any CPU.ActiveCfg = Release|Any CPU
		{36C59FC2-B9AF-444E-8232-914E972C9470}.Release|Any CPU.Build.0 = Release|Any CPU
		{36C59FC2-B9AF-444E-8232-914E972C9470}.Release|Mixed Platforms.ActiveCfg = Release|Any CPU
		{36C59FC2-B9AF-444E-8232-914E972C9470}.Release|Mixed Platforms.Build.0 = Release|Any CPU
		{36C59FC2-B9AF-444E-8232-914E972C9470}.Release|x86.ActiveCfg = Release|Any CPU
		{D2270604-86AF-4230-9DBE-623CFB5B0A6C}.Debug|Any CPU.ActiveCfg = Debug|x86
		{D2270604-86AF-4230-9DBE-623CFB5B0A6C}.Debug|Mixed Platforms.ActiveCfg = Debug|x86
		{D2270604-86AF-4230-9DBE-623CFB5B0A6C}.Debug|Mixed Platforms.Build.0 = Debug|x86
		{D2270604-86AF-4230-9DBE-623CFB5B0A6C}.Debug|x86.ActiveCfg = Debug|x86
		{D2270604-86AF-4230-9DBE-623CFB5B0A6C}.Debug|x86.Build.0 = Debug|x86
		{D2270604-86AF-4230-9DBE-623CFB5B0A6C}.Release|Any CPU.ActiveCfg = Release|x86
		{D2270604-86AF-4230-9DBE-623CFB5B0A6C}.Release|Mixed Platforms.ActiveCfg = Release|x86
		{D2270604-86AF-4230-9DBE-623CFB5B0A6C}.Release|Mixed Platforms.Build.0 = Release|x86
		{D2270604-86AF-4230-9DBE-623CFB5B0A6C}.Release|x86.ActiveCfg = Release|x86
		{D2270604-86AF-4230-9DBE-623CFB5B0A6C}.Release|x86.Build.0 = Release|x86
		{7A15DC51-F71B-4C52-9961-403B41F0BA56}.Debug|Any CPU.ActiveCfg = Debug|Any CPU
		{7A15DC51-F71B-4C52-9961-403B41F0BA56}.Debug|Any CPU.Build.0 = Debug|Any CPU
		{7A15DC51-F71B-4C52-9961-403B41F0BA56}.Debug|Mixed Platforms.ActiveCfg = Debug|Any CPU
		{7A15DC51-F71B-4C52-9961-403B41F0BA56}.Debug|Mixed Platforms.Build.0 = Debug|Any CPU
		{7A15DC51-F71B-4C52-9961-403B41F0BA56}.Debug|x86.ActiveCfg = Debug|Any CPU
		{7A15DC51-F71B-4C52-9961-403B41F0BA56}.Release|Any CPU.ActiveCfg = Release|Any CPU
		{7A15DC51-F71B-4C52-9961-403B41F0BA56}.Release|Any CPU.Build.0 = Release|Any CPU
		{7A15DC51-F71B-4C52-9961-403B41F0BA56}.Release|Mixed Platforms.ActiveCfg = Release|Any CPU
		{7A15DC51-F71B-4C52-9961-403B41F0BA56}.Release|Mixed Platforms.Build.0 = Release|Any CPU
		{7A15DC51-F71B-4C52-9961-403B41F0BA56}.Release|x86.ActiveCfg = Release|Any CPU
	EndGlobalSection
	GlobalSection(SolutionProperties) = preSolution
		HideSolutionNode = FALSE
	EndGlobalSection
EndGlobal
